// !$*UTF8*$!
{
	archiveVersion = 1;
	classes = {
	};
	objectVersion = 46;
	objects = {

/* Begin PBXBuildFile section */
		A519141D1CB7B7A700243822 /* main.m in Sources */ = {isa = PBXBuildFile; fileRef = A519141C1CB7B7A700243822 /* main.m */; };
		A51914201CB7B7A700243822 /* AppDelegate.m in Sources */ = {isa = PBXBuildFile; fileRef = A519141F1CB7B7A700243822 /* AppDelegate.m */; };
		A51914231CB7B7A700243822 /* ViewController.m in Sources */ = {isa = PBXBuildFile; fileRef = A51914221CB7B7A700243822 /* ViewController.m */; };
		A51914261CB7B7A700243822 /* Main.storyboard in Resources */ = {isa = PBXBuildFile; fileRef = A51914241CB7B7A700243822 /* Main.storyboard */; };
		A51914291CB7B7A700243822 /* UniversalPopUp.xcdatamodeld in Sources */ = {isa = PBXBuildFile; fileRef = A51914271CB7B7A700243822 /* UniversalPopUp.xcdatamodeld */; };
		A519142B1CB7B7A700243822 /* Assets.xcassets in Resources */ = {isa = PBXBuildFile; fileRef = A519142A1CB7B7A700243822 /* Assets.xcassets */; };
		A519142E1CB7B7A700243822 /* LaunchScreen.storyboard in Resources */ = {isa = PBXBuildFile; fileRef = A519142C1CB7B7A700243822 /* LaunchScreen.storyboard */; };
		A51914371CB7B87B00243822 /* PopUp.m in Sources */ = {isa = PBXBuildFile; fileRef = A51914361CB7B87B00243822 /* PopUp.m */; };
		A519143A1CB7C9EC00243822 /* DetailsViewController.m in Sources */ = {isa = PBXBuildFile; fileRef = A51914391CB7C9EC00243822 /* DetailsViewController.m */; };
		A519143D1CB7EB8200243822 /* 4thViewController.m in Sources */ = {isa = PBXBuildFile; fileRef = A519143C1CB7EB8200243822 /* 4thViewController.m */; };
/* End PBXBuildFile section */

/* Begin PBXFileReference section */
		A51914181CB7B7A700243822 /* UniversalPopUp.app */ = {isa = PBXFileReference; explicitFileType = wrapper.application; includeInIndex = 0; path = UniversalPopUp.app; sourceTree = BUILT_PRODUCTS_DIR; };
		A519141C1CB7B7A700243822 /* main.m */ = {isa = PBXFileReference; lastKnownFileType = sourcecode.c.objc; path = main.m; sourceTree = "<group>"; };
		A519141E1CB7B7A700243822 /* AppDelegate.h */ = {isa = PBXFileReference; lastKnownFileType = sourcecode.c.h; path = AppDelegate.h; sourceTree = "<group>"; };
		A519141F1CB7B7A700243822 /* AppDelegate.m */ = {isa = PBXFileReference; lastKnownFileType = sourcecode.c.objc; path = AppDelegate.m; sourceTree = "<group>"; };
		A51914211CB7B7A700243822 /* ViewController.h */ = {isa = PBXFileReference; lastKnownFileType = sourcecode.c.h; path = ViewController.h; sourceTree = "<group>"; };
		A51914221CB7B7A700243822 /* ViewController.m */ = {isa = PBXFileReference; lastKnownFileType = sourcecode.c.objc; path = ViewController.m; sourceTree = "<group>"; };
		A51914251CB7B7A700243822 /* Base */ = {isa = PBXFileReference; lastKnownFileType = file.storyboard; name = Base; path = Base.lproj/Main.storyboard; sourceTree = "<group>"; };
		A51914281CB7B7A700243822 /* UniversalPopUp.xcdatamodel */ = {isa = PBXFileReference; lastKnownFileType = wrapper.xcdatamodel; path = UniversalPopUp.xcdatamodel; sourceTree = "<group>"; };
		A519142A1CB7B7A700243822 /* Assets.xcassets */ = {isa = PBXFileReference; lastKnownFileType = folder.assetcatalog; path = Assets.xcassets; sourceTree = "<group>"; };
		A519142D1CB7B7A700243822 /* Base */ = {isa = PBXFileReference; lastKnownFileType = file.storyboard; name = Base; path = Base.lproj/LaunchScreen.storyboard; sourceTree = "<group>"; };
		A519142F1CB7B7A700243822 /* Info.plist */ = {isa = PBXFileReference; lastKnownFileType = text.plist.xml; path = Info.plist; sourceTree = "<group>"; };
		A51914351CB7B87B00243822 /* PopUp.h */ = {isa = PBXFileReference; fileEncoding = 4; lastKnownFileType = sourcecode.c.h; path = PopUp.h; sourceTree = "<group>"; };
		A51914361CB7B87B00243822 /* PopUp.m */ = {isa = PBXFileReference; fileEncoding = 4; lastKnownFileType = sourcecode.c.objc; path = PopUp.m; sourceTree = "<group>"; };
		A51914381CB7C9EC00243822 /* DetailsViewController.h */ = {isa = PBXFileReference; fileEncoding = 4; lastKnownFileType = sourcecode.c.h; path = DetailsViewController.h; sourceTree = "<group>"; };
		A51914391CB7C9EC00243822 /* DetailsViewController.m */ = {isa = PBXFileReference; fileEncoding = 4; lastKnownFileType = sourcecode.c.objc; path = DetailsViewController.m; sourceTree = "<group>"; };
		A519143B1CB7EB8200243822 /* 4thViewController.h */ = {isa = PBXFileReference; fileEncoding = 4; lastKnownFileType = sourcecode.c.h; path = 4thViewController.h; sourceTree = "<group>"; };
		A519143C1CB7EB8200243822 /* 4thViewController.m */ = {isa = PBXFileReference; fileEncoding = 4; lastKnownFileType = sourcecode.c.objc; path = 4thViewController.m; sourceTree = "<group>"; };
/* End PBXFileReference section */

/* Begin PBXFrameworksBuildPhase section */
		A51914151CB7B7A700243822 /* Frameworks */ = {
			isa = PBXFrameworksBuildPhase;
			buildActionMask = 2147483647;
			files = (
			);
			runOnlyForDeploymentPostprocessing = 0;
		};
/* End PBXFrameworksBuildPhase section */

/* Begin PBXGroup section */
		A519140F1CB7B7A700243822 = {
			isa = PBXGroup;
			children = (
				A519141A1CB7B7A700243822 /* UniversalPopUp */,
				A51914191CB7B7A700243822 /* Products */,
			);
			sourceTree = "<group>";
		};
		A51914191CB7B7A700243822 /* Products */ = {
			isa = PBXGroup;
			children = (
				A51914181CB7B7A700243822 /* UniversalPopUp.app */,
			);
			name = Products;
			sourceTree = "<group>";
		};
		A519141A1CB7B7A700243822 /* UniversalPopUp */ = {
			isa = PBXGroup;
			children = (
				A519141E1CB7B7A700243822 /* AppDelegate.h */,
				A519141F1CB7B7A700243822 /* AppDelegate.m */,
				A51914211CB7B7A700243822 /* ViewController.h */,
				A51914221CB7B7A700243822 /* ViewController.m */,
				A51914241CB7B7A700243822 /* Main.storyboard */,
				A519142A1CB7B7A700243822 /* Assets.xcassets */,
				A519142C1CB7B7A700243822 /* LaunchScreen.storyboard */,
				A519142F1CB7B7A700243822 /* Info.plist */,
				A51914271CB7B7A700243822 /* UniversalPopUp.xcdatamodeld */,
				A519141B1CB7B7A700243822 /* Supporting Files */,
				A51914351CB7B87B00243822 /* PopUp.h */,
				A51914361CB7B87B00243822 /* PopUp.m */,
				A51914381CB7C9EC00243822 /* DetailsViewController.h */,
				A51914391CB7C9EC00243822 /* DetailsViewController.m */,
				A519143B1CB7EB8200243822 /* 4thViewController.h */,
				A519143C1CB7EB8200243822 /* 4thViewController.m */,
			);
			path = UniversalPopUp;
			sourceTree = "<group>";
		};
		A519141B1CB7B7A700243822 /* Supporting Files */ = {
			isa = PBXGroup;
			children = (
				A519141C1CB7B7A700243822 /* main.m */,
			);
			name = "Supporting Files";
			sourceTree = "<group>";
		};
/* End PBXGroup section */

/* Begin PBXNativeTarget section */
		A51914171CB7B7A700243822 /* UniversalPopUp */ = {
			isa = PBXNativeTarget;
			buildConfigurationList = A51914321CB7B7A700243822 /* Build configuration list for PBXNativeTarget "UniversalPopUp" */;
			buildPhases = (
				A51914141CB7B7A700243822 /* Sources */,
				A51914151CB7B7A700243822 /* Frameworks */,
				A51914161CB7B7A700243822 /* Resources */,
			);
			buildRules = (
			);
			dependencies = (
			);
			name = UniversalPopUp;
			productName = UniversalPopUp;
			productReference = A51914181CB7B7A700243822 /* UniversalPopUp.app */;
			productType = "com.apple.product-type.application";
		};
/* End PBXNativeTarget section */

/* Begin PBXProject section */
		A51914101CB7B7A700243822 /* Project object */ = {
			isa = PBXProject;
			attributes = {
				LastUpgradeCheck = 0720;
				ORGANIZATIONNAME = "Higher Visibility";
				TargetAttributes = {
					A51914171CB7B7A700243822 = {
						CreatedOnToolsVersion = 7.2.1;
					};
				};
			};
			buildConfigurationList = A51914131CB7B7A700243822 /* Build configuration list for PBXProject "UniversalPopUp" */;
			compatibilityVersion = "Xcode 3.2";
			developmentRegion = English;
			hasScannedForEncodings = 0;
			knownRegions = (
				en,
				Base,
			);
			mainGroup = A519140F1CB7B7A700243822;
			productRefGroup = A51914191CB7B7A700243822 /* Products */;
			projectDirPath = "";
			projectRoot = "";
			targets = (
				A51914171CB7B7A700243822 /* UniversalPopUp */,
			);
		};
/* End PBXProject section */

/* Begin PBXResourcesBuildPhase section */
		A51914161CB7B7A700243822 /* Resources */ = {
			isa = PBXResourcesBuildPhase;
			buildActionMask = 2147483647;
			files = (
				A519142E1CB7B7A700243822 /* LaunchScreen.storyboard in Resources */,
				A519142B1CB7B7A700243822 /* Assets.xcassets in Resources */,
				A51914261CB7B7A700243822 /* Main.storyboard in Resources */,
			);
			runOnlyForDeploymentPostprocessing = 0;
		};
/* End PBXResourcesBuildPhase section */

/* Begin PBXSourcesBuildPhase section */
		A51914141CB7B7A700243822 /* Sources */ = {
			isa = PBXSourcesBuildPhase;
			buildActionMask = 2147483647;
			files = (
				A51914291CB7B7A700243822 /* UniversalPopUp.xcdatamodeld in Sources */,
				A51914231CB7B7A700243822 /* ViewController.m in Sources */,
				A51914371CB7B87B00243822 /* PopUp.m in Sources */,
				A519143A1CB7C9EC00243822 /* DetailsViewController.m in Sources */,
				A51914201CB7B7A700243822 /* AppDelegate.m in Sources */,
				A519141D1CB7B7A700243822 /* main.m in Sources */,
				A519143D1CB7EB8200243822 /* 4thViewController.m in Sources */,
			);
			runOnlyForDeploymentPostprocessing = 0;
		};
/* End PBXSourcesBuildPhase section */

/* Begin PBXVariantGroup section */
		A51914241CB7B7A700243822 /* Main.storyboard */ = {
			isa = PBXVariantGroup;
			children = (
				A51914251CB7B7A700243822 /* Base */,
			);
			name = Main.storyboard;
			sourceTree = "<group>";
		};
		A519142C1CB7B7A700243822 /* LaunchScreen.storyboard */ = {
			isa = PBXVariantGroup;
			children = (
				A519142D1CB7B7A700243822 /* Base */,
			);
			name = LaunchScreen.storyboard;
			sourceTree = "<group>";
		};
/* End PBXVariantGroup section */

/* Begin XCBuildConfiguration section */
		A51914301CB7B7A700243822 /* Debug */ = {
			isa = XCBuildConfiguration;
			buildSettings = {
				ALWAYS_SEARCH_USER_PATHS = NO;
				CLANG_CXX_LANGUAGE_STANDARD = "gnu++0x";
				CLANG_CXX_LIBRARY = "libc++";
				CLANG_ENABLE_MODULES = YES;
				CLANG_ENABLE_OBJC_ARC = YES;
				CLANG_WARN_BOOL_CONVERSION = YES;
				CLANG_WARN_CONSTANT_CONVERSION = YES;
				CLANG_WARN_DIRECT_OBJC_ISA_USAGE = YES_ERROR;
				CLANG_WARN_EMPTY_BODY = YES;
				CLANG_WARN_ENUM_CONVERSION = YES;
				CLANG_WARN_INT_CONVERSION = YES;
				CLANG_WARN_OBJC_ROOT_CLASS = YES_ERROR;
				CLANG_WARN_UNREACHABLE_CODE = YES;
				CLANG_WARN__DUPLICATE_METHOD_MATCH = YES;
				"CODE_SIGN_IDENTITY[sdk=iphoneos*]" = "iPhone Developer";
				COPY_PHASE_STRIP = NO;
				DEBUG_INFORMATION_FORMAT = dwarf;
				ENABLE_STRICT_OBJC_MSGSEND = YES;
				ENABLE_TESTABILITY = YES;
				GCC_C_LANGUAGE_STANDARD = gnu99;
				GCC_DYNAMIC_NO_PIC = NO;
				GCC_NO_COMMON_BLOCKS = YES;
				GCC_OPTIMIZATION_LEVEL = 0;
				GCC_PREPROCESSOR_DEFINITIONS = (
					"DEBUG=1",
					"$(inherited)",
				);
				GCC_WARN_64_TO_32_BIT_CONVERSION = YES;
				GCC_WARN_ABOUT_RETURN_TYPE = YES_ERROR;
				GCC_WARN_UNDECLARED_SELECTOR = YES;
				GCC_WARN_UNINITIALIZED_AUTOS = YES_AGGRESSIVE;
				GCC_WARN_UNUSED_FUNCTION = YES;
				GCC_WARN_UNUSED_VARIABLE = YES;
				IPHONEOS_DEPLOYMENT_TARGET = 9.2;
				MTL_ENABLE_DEBUG_INFO = YES;
				ONLY_ACTIVE_ARCH = YES;
				SDKROOT = iphoneos;
				TARGETED_DEVICE_FAMILY = "1,2";
			};
			name = Debug;
		};
		A51914311CB7B7A700243822 /* Release */ = {
			isa = XCBuildConfiguration;
			buildSettings = {
				ALWAYS_SEARCH_USER_PATHS = NO;
				CLANG_CXX_LANGUAGE_STANDARD = "gnu++0x";
				CLANG_CXX_LIBRARY = "libc++";
				CLANG_ENABLE_MODULES = YES;
				CLANG_ENABLE_OBJC_ARC = YES;
				CLANG_WARN_BOOL_CONVERSION = YES;
				CLANG_WARN_CONSTANT_CONVERSION = YES;
				CLANG_WARN_DIRECT_OBJC_ISA_USAGE = YES_ERROR;
				CLANG_WARN_EMPTY_BODY = YES;
				CLANG_WARN_ENUM_CONVERSION = YES;
				CLANG_WARN_INT_CONVERSION = YES;
				CLANG_WARN_OBJC_ROOT_CLASS = YES_ERROR;
				CLANG_WARN_UNREACHABLE_CODE = YES;
				CLANG_WARN__DUPLICATE_METHOD_MATCH = YES;
				"CODE_SIGN_IDENTITY[sdk=iphoneos*]" = "iPhone Developer";
				COPY_PHASE_STRIP = NO;
				DEBUG_INFORMATION_FORMAT = "dwarf-with-dsym";
				ENABLE_NS_ASSERTIONS = NO;
				ENABLE_STRICT_OBJC_MSGSEND = YES;
				GCC_C_LANGUAGE_STANDARD = gnu99;
				GCC_NO_COMMON_BLOCKS = YES;
				GCC_WARN_64_TO_32_BIT_CONVERSION = YES;
				GCC_WARN_ABOUT_RETURN_TYPE = YES_ERROR;
				GCC_WARN_UNDECLARED_SELECTOR = YES;
				GCC_WARN_UNINITIALIZED_AUTOS = YES_AGGRESSIVE;
				GCC_WARN_UNUSED_FUNCTION = YES;
				GCC_WARN_UNUSED_VARIABLE = YES;
				IPHONEOS_DEPLOYMENT_TARGET = 9.2;
				MTL_ENABLE_DEBUG_INFO = NO;
				SDKROOT = iphoneos;
				TARGETED_DEVICE_FAMILY = "1,2";
				VALIDATE_PRODUCT = YES;
			};
			name = Release;
		};
		A51914331CB7B7A700243822 /* Debug */ = {
			isa = XCBuildConfiguration;
			buildSettings = {
				ASSETCATALOG_COMPILER_APPICON_NAME = AppIcon;
				INFOPLIST_FILE = UniversalPopUp/Info.plist;
				LD_RUNPATH_SEARCH_PATHS = "$(inherited) @executable_path/Frameworks";
				PRODUCT_BUNDLE_IDENTIFIER = com.HigherVisibility.UniversalPopUp;
				PRODUCT_NAME = "$(TARGET_NAME)";
			};
			name = Debug;
		};
		A51914341CB7B7A700243822 /* Release */ = {
			isa = XCBuildConfiguration;
			buildSettings = {
				ASSETCATALOG_COMPILER_APPICON_NAME = AppIcon;
				INFOPLIST_FILE = UniversalPopUp/Info.plist;
				LD_RUNPATH_SEARCH_PATHS = "$(inherited) @executable_path/Frameworks";
				PRODUCT_BUNDLE_IDENTIFIER = com.HigherVisibility.UniversalPopUp;
				PRODUCT_NAME = "$(TARGET_NAME)";
			};
			name = Release;
		};
/* End XCBuildConfiguration section */

/* Begin XCConfigurationList section */
		A51914131CB7B7A700243822 /* Build configuration list for PBXProject "UniversalPopUp" */ = {
			isa = XCConfigurationList;
			buildConfigurations = (
				A51914301CB7B7A700243822 /* Debug */,
				A51914311CB7B7A700243822 /* Release */,
			);
			defaultConfigurationIsVisible = 0;
			defaultConfigurationName = Release;
		};
		A51914321CB7B7A700243822 /* Build configuration list for PBXNativeTarget "UniversalPopUp" */ = {
			isa = XCConfigurationList;
			buildConfigurations = (
				A51914331CB7B7A700243822 /* Debug */,
				A51914341CB7B7A700243822 /* Release */,
			);
			defaultConfigurationIsVisible = 0;
			defaultConfigurationName = Release;
		};
/* End XCConfigurationList section */

/* Begin XCVersionGroup section */
		A51914271CB7B7A700243822 /* UniversalPopUp.xcdatamodeld */ = {
			isa = XCVersionGroup;
			children = (
				A51914281CB7B7A700243822 /* UniversalPopUp.xcdatamodel */,
			);
			currentVersion = A51914281CB7B7A700243822 /* UniversalPopUp.xcdatamodel */;
			path = UniversalPopUp.xcdatamodeld;
			sourceTree = "<group>";
			versionGroupType = wrapper.xcdatamodel;
		};
/* End XCVersionGroup section */
	};
	rootObject = A51914101CB7B7A700243822 /* Project object */;
}
